
Microsoft Visual Studio Solution File, Format Version 12.00
# Visual Studio Version 16
VisualStudioVersion = 16.0.30804.86
MinimumVisualStudioVersion = 10.0.40219.1
Project("{FAE04EC0-301F-11D3-BF4B-00C04F79EFBC}") = "TextGeneratorProgram", "TextGeneratorProgram\TextGeneratorProgram.csproj", "{9F82226A-F8CF-4F84-917E-AC19EC0C9564}"
EndProject
Global
	GlobalSection(SolutionConfigurationPlatforms) = preSolution
		Debug|Any CPU = Debug|Any CPU
		Release|Any CPU = Release|Any CPU
	EndGlobalSection
	GlobalSection(ProjectConfigurationPlatforms) = postSolution
		{9F82226A-F8CF-4F84-917E-AC19EC0C9564}.Debug|Any CPU.ActiveCfg = Debug|Any CPU
		{9F82226A-F8CF-4F84-917E-AC19EC0C9564}.Debug|Any CPU.Build.0 = Debug|Any CPU
		{9F82226A-F8CF-4F84-917E-AC19EC0C9564}.Release|Any CPU.ActiveCfg = Release|Any CPU
		{9F82226A-F8CF-4F84-917E-AC19EC0C9564}.Release|Any CPU.Build.0 = Release|Any CPU
	EndGlobalSection
	GlobalSection(SolutionProperties) = preSolution
		HideSolutionNode = FALSE
	EndGlobalSection
	GlobalSection(ExtensibilityGlobals) = postSolution
		SolutionGuid = {EE2C89BD-E833-44B8-B380-3043F06193F6}
	EndGlobalSection
EndGlobal
